
Microsoft Visual Studio Solution File, Format Version 12.00
# Visual Studio 14
VisualStudioVersion = 14.0.25420.1
MinimumVisualStudioVersion = 10.0.40219.1
Project("{FAE04EC0-301F-11D3-BF4B-00C04F79EFBC}") = "Dive-With_Filter", "Angular04\Dive-With_Filter.csproj", "{DDDA9528-CEB4-46CC-8BA7-B945B744F8B4}"
EndProject
Project("{FAE04EC0-301F-11D3-BF4B-00C04F79EFBC}") = "Dive-Site-Maintainance", "Dive-Site-Maintainance\Dive-Site-Maintainance.csproj", "{D14951EC-1994-4894-90D6-ECF2231F3D0D}"
EndProject
Project("{FAE04EC0-301F-11D3-BF4B-00C04F79EFBC}") = "Dive-Site-with-Angular-Services", "Dive-Site-with-Angular-Services\Dive-Site-with-Angular-Services.csproj", "{5B5E13D8-1AA2-4AA0-8472-D82A7B016015}"
EndProject
Project("{FAE04EC0-301F-11D3-BF4B-00C04F79EFBC}") = "Dive-Site-with-Angular-Services.Tests", "Dive-Site-with-Angular-Services.Tests\Dive-Site-with-Angular-Services.Tests.csproj", "{27023D25-DAD0-4455-9602-C82D85055C8D}"
EndProject
Project("{FAE04EC0-301F-11D3-BF4B-00C04F79EFBC}") = "Dive-Site_Service_Style_AttributeDirectives", "Dive-Site_Service_Style_AttributeDirectives\Dive-Site_Service_Style_AttributeDirectives.csproj", "{5960BBA8-E5BE-4245-9728-DB0ADA3998E2}"
EndProject
Project("{FAE04EC0-301F-11D3-BF4B-00C04F79EFBC}") = "Dive-Site-Routing", "Dive-Site-Routing\Dive-Site-Routing.csproj", "{9A06C0AE-D259-4ADB-AF69-2D1D064642A9}"
EndProject
Global
	GlobalSection(SolutionConfigurationPlatforms) = preSolution
		Debug|Any CPU = Debug|Any CPU
		Release|Any CPU = Release|Any CPU
	EndGlobalSection
	GlobalSection(ProjectConfigurationPlatforms) = postSolution
		{DDDA9528-CEB4-46CC-8BA7-B945B744F8B4}.Debug|Any CPU.ActiveCfg = Debug|Any CPU
		{DDDA9528-CEB4-46CC-8BA7-B945B744F8B4}.Debug|Any CPU.Build.0 = Debug|Any CPU
		{DDDA9528-CEB4-46CC-8BA7-B945B744F8B4}.Release|Any CPU.ActiveCfg = Release|Any CPU
		{DDDA9528-CEB4-46CC-8BA7-B945B744F8B4}.Release|Any CPU.Build.0 = Release|Any CPU
		{D14951EC-1994-4894-90D6-ECF2231F3D0D}.Debug|Any CPU.ActiveCfg = Debug|Any CPU
		{D14951EC-1994-4894-90D6-ECF2231F3D0D}.Debug|Any CPU.Build.0 = Debug|Any CPU
		{D14951EC-1994-4894-90D6-ECF2231F3D0D}.Release|Any CPU.ActiveCfg = Release|Any CPU
		{D14951EC-1994-4894-90D6-ECF2231F3D0D}.Release|Any CPU.Build.0 = Release|Any CPU
		{5B5E13D8-1AA2-4AA0-8472-D82A7B016015}.Debug|Any CPU.ActiveCfg = Debug|Any CPU
		{5B5E13D8-1AA2-4AA0-8472-D82A7B016015}.Debug|Any CPU.Build.0 = Debug|Any CPU
		{5B5E13D8-1AA2-4AA0-8472-D82A7B016015}.Release|Any CPU.ActiveCfg = Release|Any CPU
		{5B5E13D8-1AA2-4AA0-8472-D82A7B016015}.Release|Any CPU.Build.0 = Release|Any CPU
		{27023D25-DAD0-4455-9602-C82D85055C8D}.Debug|Any CPU.ActiveCfg = Debug|Any CPU
		{27023D25-DAD0-4455-9602-C82D85055C8D}.Debug|Any CPU.Build.0 = Debug|Any CPU
		{27023D25-DAD0-4455-9602-C82D85055C8D}.Release|Any CPU.ActiveCfg = Release|Any CPU
		{27023D25-DAD0-4455-9602-C82D85055C8D}.Release|Any CPU.Build.0 = Release|Any CPU
		{5960BBA8-E5BE-4245-9728-DB0ADA3998E2}.Debug|Any CPU.ActiveCfg = Debug|Any CPU
		{5960BBA8-E5BE-4245-9728-DB0ADA3998E2}.Debug|Any CPU.Build.0 = Debug|Any CPU
		{5960BBA8-E5BE-4245-9728-DB0ADA3998E2}.Release|Any CPU.ActiveCfg = Release|Any CPU
		{5960BBA8-E5BE-4245-9728-DB0ADA3998E2}.Release|Any CPU.Build.0 = Release|Any CPU
		{9A06C0AE-D259-4ADB-AF69-2D1D064642A9}.Debug|Any CPU.ActiveCfg = Debug|Any CPU
		{9A06C0AE-D259-4ADB-AF69-2D1D064642A9}.Debug|Any CPU.Build.0 = Debug|Any CPU
		{9A06C0AE-D259-4ADB-AF69-2D1D064642A9}.Release|Any CPU.ActiveCfg = Release|Any CPU
		{9A06C0AE-D259-4ADB-AF69-2D1D064642A9}.Release|Any CPU.Build.0 = Release|Any CPU
	EndGlobalSection
	GlobalSection(SolutionProperties) = preSolution
		HideSolutionNode = FALSE
	EndGlobalSection
EndGlobal
